
Microsoft Visual Studio Solution File, Format Version 10.00
# Visual Studio 2008
Project("{D183A3D8-5FD8-494B-B014-37F57B35E655}") = "ETL_Solution", "ETL_Solution.dtproj", "{860E3D63-9CBF-45C2-8A36-94DD07BF9D36}"
EndProject
Global
	GlobalSection(SolutionConfigurationPlatforms) = preSolution
		Development|Default = Development|Default
	EndGlobalSection
	GlobalSection(ProjectConfigurationPlatforms) = postSolution
		{860E3D63-9CBF-45C2-8A36-94DD07BF9D36}.Development|Default.ActiveCfg = Development
		{860E3D63-9CBF-45C2-8A36-94DD07BF9D36}.Development|Default.Build.0 = Development
	EndGlobalSection
	GlobalSection(SolutionProperties) = preSolution
		HideSolutionNode = FALSE
	EndGlobalSection
EndGlobal
